
Microsoft Visual Studio Solution File, Format Version 12.00
# Visual Studio Version 17
VisualStudioVersion = 17.6.33712.159
MinimumVisualStudioVersion = 10.0.40219.1
Project("{FAE04EC0-301F-11D3-BF4B-00C04F79EFBC}") = "ProyectoFinalTap", "ProyectoFinalTap\ProyectoFinalTap.csproj", "{CE48DB04-ADA6-4E8B-AF2B-7525C7B002AE}"
EndProject
Project("{FAE04EC0-301F-11D3-BF4B-00C04F79EFBC}") = "Datos", "Datos\Datos.csproj", "{77679BF0-326F-47E0-A5F9-2683651F9442}"
EndProject
Project("{FAE04EC0-301F-11D3-BF4B-00C04F79EFBC}") = "Modelos", "Modelos\Modelos.csproj", "{681182C6-D2E8-40CA-A327-1BA6F31DB719}"
EndProject
Project("{54435603-DBB4-11D2-8724-00A0C9A8B90C}") = "ProyectoFinalSetup", "ProyectoFinalSetup\ProyectoFinalSetup.vdproj", "{E293BC46-5A6F-4344-AEAD-6A2993B73B90}"
EndProject
Global
	GlobalSection(SolutionConfigurationPlatforms) = preSolution
		Debug|Any CPU = Debug|Any CPU
		Release|Any CPU = Release|Any CPU
	EndGlobalSection
	GlobalSection(ProjectConfigurationPlatforms) = postSolution
		{CE48DB04-ADA6-4E8B-AF2B-7525C7B002AE}.Debug|Any CPU.ActiveCfg = Debug|Any CPU
		{CE48DB04-ADA6-4E8B-AF2B-7525C7B002AE}.Debug|Any CPU.Build.0 = Debug|Any CPU
		{CE48DB04-ADA6-4E8B-AF2B-7525C7B002AE}.Release|Any CPU.ActiveCfg = Release|Any CPU
		{CE48DB04-ADA6-4E8B-AF2B-7525C7B002AE}.Release|Any CPU.Build.0 = Release|Any CPU
		{77679BF0-326F-47E0-A5F9-2683651F9442}.Debug|Any CPU.ActiveCfg = Debug|Any CPU
		{77679BF0-326F-47E0-A5F9-2683651F9442}.Debug|Any CPU.Build.0 = Debug|Any CPU
		{77679BF0-326F-47E0-A5F9-2683651F9442}.Release|Any CPU.ActiveCfg = Release|Any CPU
		{77679BF0-326F-47E0-A5F9-2683651F9442}.Release|Any CPU.Build.0 = Release|Any CPU
		{681182C6-D2E8-40CA-A327-1BA6F31DB719}.Debug|Any CPU.ActiveCfg = Debug|Any CPU
		{681182C6-D2E8-40CA-A327-1BA6F31DB719}.Debug|Any CPU.Build.0 = Debug|Any CPU
		{681182C6-D2E8-40CA-A327-1BA6F31DB719}.Release|Any CPU.ActiveCfg = Release|Any CPU
		{681182C6-D2E8-40CA-A327-1BA6F31DB719}.Release|Any CPU.Build.0 = Release|Any CPU
		{E293BC46-5A6F-4344-AEAD-6A2993B73B90}.Debug|Any CPU.ActiveCfg = Debug
		{E293BC46-5A6F-4344-AEAD-6A2993B73B90}.Release|Any CPU.ActiveCfg = Release
	EndGlobalSection
	GlobalSection(SolutionProperties) = preSolution
		HideSolutionNode = FALSE
	EndGlobalSection
	GlobalSection(ExtensibilityGlobals) = postSolution
		SolutionGuid = {7B720394-36CD-445F-839B-0E3A8AC667B9}
	EndGlobalSection
EndGlobal
